
Microsoft Visual Studio Solution File, Format Version 12.00
# Visual Studio Version 16
VisualStudioVersion = 16.0.30503.244
MinimumVisualStudioVersion = 10.0.40219.1
Project("{FAE04EC0-301F-11D3-BF4B-00C04F79EFBC}") = "trådsSynkronisering1", "trådsSynkronisering1\trådsSynkronisering1.csproj", "{95BCCDE2-F3B5-423D-B47C-C6CE3538EF9C}"
EndProject
Global
	GlobalSection(SolutionConfigurationPlatforms) = preSolution
		Debug|Any CPU = Debug|Any CPU
		Release|Any CPU = Release|Any CPU
	EndGlobalSection
	GlobalSection(ProjectConfigurationPlatforms) = postSolution
		{95BCCDE2-F3B5-423D-B47C-C6CE3538EF9C}.Debug|Any CPU.ActiveCfg = Debug|Any CPU
		{95BCCDE2-F3B5-423D-B47C-C6CE3538EF9C}.Debug|Any CPU.Build.0 = Debug|Any CPU
		{95BCCDE2-F3B5-423D-B47C-C6CE3538EF9C}.Release|Any CPU.ActiveCfg = Release|Any CPU
		{95BCCDE2-F3B5-423D-B47C-C6CE3538EF9C}.Release|Any CPU.Build.0 = Release|Any CPU
	EndGlobalSection
	GlobalSection(SolutionProperties) = preSolution
		HideSolutionNode = FALSE
	EndGlobalSection
	GlobalSection(ExtensibilityGlobals) = postSolution
		SolutionGuid = {6A7DA32B-11DC-44B8-AAEE-978ABE64F6A1}
	EndGlobalSection
EndGlobal
